
Microsoft Visual Studio Solution File, Format Version 12.00
# Visual Studio Version 17
VisualStudioVersion = 17.0.31903.59
MinimumVisualStudioVersion = 10.0.40219.1
Project("{9A19103F-16F7-4668-BE54-9A1E7A4F7556}") = "auth-reinventing", "auth-reinventing\auth-reinventing.csproj", "{F20D7A2E-4B75-4EFD-9E5F-C5D01D0F6AA2}"
EndProject
Project("{9A19103F-16F7-4668-BE54-9A1E7A4F7556}") = "auth-microsofty", "auth-microsofty\auth-microsofty.csproj", "{CD2DD77B-B749-43E7-BFEA-FD76A8235874}"
EndProject
Project("{9A19103F-16F7-4668-BE54-9A1E7A4F7556}") = "rbac-demo", "rbac-demo\rbac-demo.csproj", "{D4E704D7-5F79-4881-B4E5-2368EFE495C1}"
EndProject
Project("{9A19103F-16F7-4668-BE54-9A1E7A4F7556}") = "TestFormApp", "TestFormApp\TestFormApp.csproj", "{82AB9DFE-636A-4D09-A0E2-1D6691CA94CA}"
EndProject
Project("{00D1A9C2-B5F0-4AF3-8072-F6C62B433612}") = "sample-db-project", "sample-db-project\sample-db-project.sqlproj", "{D78E76F5-0203-4EEA-ABB6-3FD15167AFFD}"
EndProject
Project("{9A19103F-16F7-4668-BE54-9A1E7A4F7556}") = "InterviewPracticeCode", "InterviewTests\InterviewPracticeCode.csproj", "{91DCF4C0-6371-4683-84A3-10C10438ABBD}"
EndProject
Project("{9A19103F-16F7-4668-BE54-9A1E7A4F7556}") = "ZMQServer", "ZMQServer\ZMQServer.csproj", "{D781EAEE-FC20-44CA-A19E-D518EFD56962}"
EndProject
Project("{9A19103F-16F7-4668-BE54-9A1E7A4F7556}") = "ZMQClient", "ZMQClient\ZMQClient.csproj", "{14ADFF32-869D-4F73-B505-3DBB3E21B880}"
EndProject
Project("{9A19103F-16F7-4668-BE54-9A1E7A4F7556}") = "grpc_chat_service", "gRPC-tests\grpc_chat_service\grpc_chat_service.csproj", "{D0046974-3883-44AE-89D6-DA2140BF7D45}"
EndProject
Project("{FAE04EC0-301F-11D3-BF4B-00C04F79EFBC}") = "InterviewPracticeCodeTests", "InterviewPracticeCodeTests\InterviewPracticeCodeTests.csproj", "{644AB76F-6904-4240-8DD4-B4DA00C83EEC}"
EndProject
Global
	GlobalSection(SolutionConfigurationPlatforms) = preSolution
		Debug|Any CPU = Debug|Any CPU
		Release|Any CPU = Release|Any CPU
	EndGlobalSection
	GlobalSection(ProjectConfigurationPlatforms) = postSolution
		{F20D7A2E-4B75-4EFD-9E5F-C5D01D0F6AA2}.Debug|Any CPU.ActiveCfg = Debug|Any CPU
		{F20D7A2E-4B75-4EFD-9E5F-C5D01D0F6AA2}.Debug|Any CPU.Build.0 = Debug|Any CPU
		{F20D7A2E-4B75-4EFD-9E5F-C5D01D0F6AA2}.Release|Any CPU.ActiveCfg = Release|Any CPU
		{F20D7A2E-4B75-4EFD-9E5F-C5D01D0F6AA2}.Release|Any CPU.Build.0 = Release|Any CPU
		{CD2DD77B-B749-43E7-BFEA-FD76A8235874}.Debug|Any CPU.ActiveCfg = Debug|Any CPU
		{CD2DD77B-B749-43E7-BFEA-FD76A8235874}.Debug|Any CPU.Build.0 = Debug|Any CPU
		{CD2DD77B-B749-43E7-BFEA-FD76A8235874}.Release|Any CPU.ActiveCfg = Release|Any CPU
		{CD2DD77B-B749-43E7-BFEA-FD76A8235874}.Release|Any CPU.Build.0 = Release|Any CPU
		{D4E704D7-5F79-4881-B4E5-2368EFE495C1}.Debug|Any CPU.ActiveCfg = Debug|Any CPU
		{D4E704D7-5F79-4881-B4E5-2368EFE495C1}.Debug|Any CPU.Build.0 = Debug|Any CPU
		{D4E704D7-5F79-4881-B4E5-2368EFE495C1}.Release|Any CPU.ActiveCfg = Release|Any CPU
		{D4E704D7-5F79-4881-B4E5-2368EFE495C1}.Release|Any CPU.Build.0 = Release|Any CPU
		{82AB9DFE-636A-4D09-A0E2-1D6691CA94CA}.Debug|Any CPU.ActiveCfg = Debug|Any CPU
		{82AB9DFE-636A-4D09-A0E2-1D6691CA94CA}.Debug|Any CPU.Build.0 = Debug|Any CPU
		{82AB9DFE-636A-4D09-A0E2-1D6691CA94CA}.Release|Any CPU.ActiveCfg = Release|Any CPU
		{82AB9DFE-636A-4D09-A0E2-1D6691CA94CA}.Release|Any CPU.Build.0 = Release|Any CPU
		{D78E76F5-0203-4EEA-ABB6-3FD15167AFFD}.Debug|Any CPU.ActiveCfg = Debug|Any CPU
		{D78E76F5-0203-4EEA-ABB6-3FD15167AFFD}.Debug|Any CPU.Build.0 = Debug|Any CPU
		{D78E76F5-0203-4EEA-ABB6-3FD15167AFFD}.Debug|Any CPU.Deploy.0 = Debug|Any CPU
		{D78E76F5-0203-4EEA-ABB6-3FD15167AFFD}.Release|Any CPU.ActiveCfg = Release|Any CPU
		{D78E76F5-0203-4EEA-ABB6-3FD15167AFFD}.Release|Any CPU.Build.0 = Release|Any CPU
		{D78E76F5-0203-4EEA-ABB6-3FD15167AFFD}.Release|Any CPU.Deploy.0 = Release|Any CPU
		{91DCF4C0-6371-4683-84A3-10C10438ABBD}.Debug|Any CPU.ActiveCfg = Debug|Any CPU
		{91DCF4C0-6371-4683-84A3-10C10438ABBD}.Debug|Any CPU.Build.0 = Debug|Any CPU
		{91DCF4C0-6371-4683-84A3-10C10438ABBD}.Release|Any CPU.ActiveCfg = Release|Any CPU
		{91DCF4C0-6371-4683-84A3-10C10438ABBD}.Release|Any CPU.Build.0 = Release|Any CPU
		{D781EAEE-FC20-44CA-A19E-D518EFD56962}.Debug|Any CPU.ActiveCfg = Debug|Any CPU
		{D781EAEE-FC20-44CA-A19E-D518EFD56962}.Debug|Any CPU.Build.0 = Debug|Any CPU
		{D781EAEE-FC20-44CA-A19E-D518EFD56962}.Release|Any CPU.ActiveCfg = Release|Any CPU
		{D781EAEE-FC20-44CA-A19E-D518EFD56962}.Release|Any CPU.Build.0 = Release|Any CPU
		{14ADFF32-869D-4F73-B505-3DBB3E21B880}.Debug|Any CPU.ActiveCfg = Debug|Any CPU
		{14ADFF32-869D-4F73-B505-3DBB3E21B880}.Debug|Any CPU.Build.0 = Debug|Any CPU
		{14ADFF32-869D-4F73-B505-3DBB3E21B880}.Release|Any CPU.ActiveCfg = Release|Any CPU
		{14ADFF32-869D-4F73-B505-3DBB3E21B880}.Release|Any CPU.Build.0 = Release|Any CPU
		{D0046974-3883-44AE-89D6-DA2140BF7D45}.Debug|Any CPU.ActiveCfg = Debug|Any CPU
		{D0046974-3883-44AE-89D6-DA2140BF7D45}.Debug|Any CPU.Build.0 = Debug|Any CPU
		{D0046974-3883-44AE-89D6-DA2140BF7D45}.Release|Any CPU.ActiveCfg = Release|Any CPU
		{D0046974-3883-44AE-89D6-DA2140BF7D45}.Release|Any CPU.Build.0 = Release|Any CPU
		{644AB76F-6904-4240-8DD4-B4DA00C83EEC}.Debug|Any CPU.ActiveCfg = Debug|Any CPU
		{644AB76F-6904-4240-8DD4-B4DA00C83EEC}.Debug|Any CPU.Build.0 = Debug|Any CPU
		{644AB76F-6904-4240-8DD4-B4DA00C83EEC}.Release|Any CPU.ActiveCfg = Release|Any CPU
		{644AB76F-6904-4240-8DD4-B4DA00C83EEC}.Release|Any CPU.Build.0 = Release|Any CPU
	EndGlobalSection
	GlobalSection(SolutionProperties) = preSolution
		HideSolutionNode = FALSE
	EndGlobalSection
	GlobalSection(ExtensibilityGlobals) = postSolution
		SolutionGuid = {F30E58C4-9832-4BD8-8343-BB0973C47073}
	EndGlobalSection
EndGlobal
